// !$*UTF8*$!
{
	archiveVersion = 1;
	classes = {
	};
	objectVersion = 56;
	objects = {

/* Begin PBXBuildFile section */
		055F534F550870F9889B5D75 /* Pods_Spotify_SpotifyUITests.framework in Frameworks */ = {isa = PBXBuildFile; fileRef = 33F9FD7725EBFB09E6D1797C /* Pods_Spotify_SpotifyUITests.framework */; };
		30F0DEBBA4E90CB0AD347955 /* Pods_SpotifyTests.framework in Frameworks */ = {isa = PBXBuildFile; fileRef = E31945F106B66E481BDAD4CA /* Pods_SpotifyTests.framework */; };
		6A0352C02BA84A980046E9B7 /* AlbumViewController.swift in Sources */ = {isa = PBXBuildFile; fileRef = 6A0352BF2BA84A980046E9B7 /* AlbumViewController.swift */; };
		6A0352C22BA853220046E9B7 /* AlbumDetailResponse.swift in Sources */ = {isa = PBXBuildFile; fileRef = 6A0352C12BA853220046E9B7 /* AlbumDetailResponse.swift */; };
		6A0352C42BA857280046E9B7 /* PlaylistDetailsResponse.swift in Sources */ = {isa = PBXBuildFile; fileRef = 6A0352C32BA857280046E9B7 /* PlaylistDetailsResponse.swift */; };
		6A0352C62BA863130046E9B7 /* PlaylistHeaderCollectionReusableView.swift in Sources */ = {isa = PBXBuildFile; fileRef = 6A0352C52BA863130046E9B7 /* PlaylistHeaderCollectionReusableView.swift */; };
		6A28671B2BA9A42800D265A7 /* PlaylistHeaderViewViewModel.swift in Sources */ = {isa = PBXBuildFile; fileRef = 6A28671A2BA9A42800D265A7 /* PlaylistHeaderViewViewModel.swift */; };
		6A28671D2BA9B64F00D265A7 /* TitleHeaderCollectionReusableView.swift in Sources */ = {isa = PBXBuildFile; fileRef = 6A28671C2BA9B64F00D265A7 /* TitleHeaderCollectionReusableView.swift */; };
		6A28671F2BA9D85200D265A7 /* AlbumCollectionViewCellViewModel.swift in Sources */ = {isa = PBXBuildFile; fileRef = 6A28671E2BA9D85200D265A7 /* AlbumCollectionViewCellViewModel.swift */; };
		6A2867232BA9DB7D00D265A7 /* AlbumTrackCollectionViewCell.swift in Sources */ = {isa = PBXBuildFile; fileRef = 6A2867222BA9DB7D00D265A7 /* AlbumTrackCollectionViewCell.swift */; };
		6A36A9C72BA0516F00D8838F /* SettingsModels.swift in Sources */ = {isa = PBXBuildFile; fileRef = 6A36A9C62BA0516F00D8838F /* SettingsModels.swift */; };
		6A5899A22B9F23A90004E3E9 /* AppDelegate.swift in Sources */ = {isa = PBXBuildFile; fileRef = 6A5899A12B9F23A90004E3E9 /* AppDelegate.swift */; };
		6A5899A42B9F23A90004E3E9 /* SceneDelegate.swift in Sources */ = {isa = PBXBuildFile; fileRef = 6A5899A32B9F23A90004E3E9 /* SceneDelegate.swift */; };
		6A5899A62B9F23A90004E3E9 /* HomeViewController.swift in Sources */ = {isa = PBXBuildFile; fileRef = 6A5899A52B9F23A90004E3E9 /* HomeViewController.swift */; };
		6A5899AB2B9F23AA0004E3E9 /* Assets.xcassets in Resources */ = {isa = PBXBuildFile; fileRef = 6A5899AA2B9F23AA0004E3E9 /* Assets.xcassets */; };
		6A5899AE2B9F23AA0004E3E9 /* Base in Resources */ = {isa = PBXBuildFile; fileRef = 6A5899AD2B9F23AA0004E3E9 /* Base */; };
		6A5899B92B9F23AA0004E3E9 /* SpotifyTests.swift in Sources */ = {isa = PBXBuildFile; fileRef = 6A5899B82B9F23AA0004E3E9 /* SpotifyTests.swift */; };
		6A5899C32B9F23AA0004E3E9 /* SpotifyUITests.swift in Sources */ = {isa = PBXBuildFile; fileRef = 6A5899C22B9F23AA0004E3E9 /* SpotifyUITests.swift */; };
		6A5899C52B9F23AA0004E3E9 /* SpotifyUITestsLaunchTests.swift in Sources */ = {isa = PBXBuildFile; fileRef = 6A5899C42B9F23AA0004E3E9 /* SpotifyUITestsLaunchTests.swift */; };
		6A6EE4BD2B9F2BA600D38EB7 /* TabBarViewController.swift in Sources */ = {isa = PBXBuildFile; fileRef = 6A6EE4BC2B9F2BA600D38EB7 /* TabBarViewController.swift */; };
		6A6EE4BF2B9F2BD500D38EB7 /* SearchViewController.swift in Sources */ = {isa = PBXBuildFile; fileRef = 6A6EE4BE2B9F2BD500D38EB7 /* SearchViewController.swift */; };
		6A6EE4C12B9F2BEB00D38EB7 /* LibraryViewController.swift in Sources */ = {isa = PBXBuildFile; fileRef = 6A6EE4C02B9F2BEB00D38EB7 /* LibraryViewController.swift */; };
		6A6EE4C62B9F2C3600D38EB7 /* AuthViewController.swift in Sources */ = {isa = PBXBuildFile; fileRef = 6A6EE4C52B9F2C3600D38EB7 /* AuthViewController.swift */; };
		6A6EE4C82B9F2C4000D38EB7 /* WelcomeViewController.swift in Sources */ = {isa = PBXBuildFile; fileRef = 6A6EE4C72B9F2C4000D38EB7 /* WelcomeViewController.swift */; };
		6A6EE4CA2B9F2C5100D38EB7 /* SettingsViewController.swift in Sources */ = {isa = PBXBuildFile; fileRef = 6A6EE4C92B9F2C5100D38EB7 /* SettingsViewController.swift */; };
		6A6EE4CC2B9F2C5D00D38EB7 /* ProfileViewController.swift in Sources */ = {isa = PBXBuildFile; fileRef = 6A6EE4CB2B9F2C5D00D38EB7 /* ProfileViewController.swift */; };
		6A6EE4CE2B9F2C6600D38EB7 /* PlayerViewController.swift in Sources */ = {isa = PBXBuildFile; fileRef = 6A6EE4CD2B9F2C6600D38EB7 /* PlayerViewController.swift */; };
		6A6EE4D02B9F2C7600D38EB7 /* PlaylistViewController.swift in Sources */ = {isa = PBXBuildFile; fileRef = 6A6EE4CF2B9F2C7600D38EB7 /* PlaylistViewController.swift */; };
		6A6EE4D22B9F2C8800D38EB7 /* SearchResultsViewController.swift in Sources */ = {isa = PBXBuildFile; fileRef = 6A6EE4D12B9F2C8800D38EB7 /* SearchResultsViewController.swift */; };
		6A6EE4D42B9F2CA900D38EB7 /* AuthManager.swift in Sources */ = {isa = PBXBuildFile; fileRef = 6A6EE4D32B9F2CA900D38EB7 /* AuthManager.swift */; };
		6A6EE4D62B9F2CB700D38EB7 /* APICaller.swift in Sources */ = {isa = PBXBuildFile; fileRef = 6A6EE4D52B9F2CB700D38EB7 /* APICaller.swift */; };
		6A6EE4D82B9F2CC300D38EB7 /* HapticsManager.swift in Sources */ = {isa = PBXBuildFile; fileRef = 6A6EE4D72B9F2CC300D38EB7 /* HapticsManager.swift */; };
		6A6EE4DA2B9F2CD800D38EB7 /* Playlist.swift in Sources */ = {isa = PBXBuildFile; fileRef = 6A6EE4D92B9F2CD800D38EB7 /* Playlist.swift */; };
		6A6EE4DC2B9F2CE100D38EB7 /* AudioTrack.swift in Sources */ = {isa = PBXBuildFile; fileRef = 6A6EE4DB2B9F2CE100D38EB7 /* AudioTrack.swift */; };
		6A6EE4DE2B9F2CEA00D38EB7 /* Artist.swift in Sources */ = {isa = PBXBuildFile; fileRef = 6A6EE4DD2B9F2CEA00D38EB7 /* Artist.swift */; };
		6A6EE4E02B9F2CFB00D38EB7 /* UserProfile.swift in Sources */ = {isa = PBXBuildFile; fileRef = 6A6EE4DF2B9F2CFB00D38EB7 /* UserProfile.swift */; };
		6A6EE4E22B9F38B100D38EB7 /* Extensions.swift in Sources */ = {isa = PBXBuildFile; fileRef = 6A6EE4E12B9F38B100D38EB7 /* Extensions.swift */; };
		6A6EE4E42B9F4FEF00D38EB7 /* AuthResponse.swift in Sources */ = {isa = PBXBuildFile; fileRef = 6A6EE4E32B9F4FEF00D38EB7 /* AuthResponse.swift */; };
		6AA333502BA2EEE30033E6E8 /* NewReleaseCollectionViewCell.swift in Sources */ = {isa = PBXBuildFile; fileRef = 6AA3334F2BA2EEE30033E6E8 /* NewReleaseCollectionViewCell.swift */; };
		6AA333522BA2EF1B0033E6E8 /* FeaturedPlaylistCollectionViewCell.swift in Sources */ = {isa = PBXBuildFile; fileRef = 6AA333512BA2EF1B0033E6E8 /* FeaturedPlaylistCollectionViewCell.swift */; };
		6AA333542BA2EF3F0033E6E8 /* RecommendedTrackCollectionViewCell.swift in Sources */ = {isa = PBXBuildFile; fileRef = 6AA333532BA2EF3F0033E6E8 /* RecommendedTrackCollectionViewCell.swift */; };
		6AA333562BA2F6C50033E6E8 /* NewReleasesCellViewModel.swift in Sources */ = {isa = PBXBuildFile; fileRef = 6AA333552BA2F6C50033E6E8 /* NewReleasesCellViewModel.swift */; };
		6AB7C6EE2BA196730009BFB9 /* NewReleasesResponse.swift in Sources */ = {isa = PBXBuildFile; fileRef = 6AB7C6ED2BA196730009BFB9 /* NewReleasesResponse.swift */; };
		6AB7C6F02BA197430009BFB9 /* APIImage.swift in Sources */ = {isa = PBXBuildFile; fileRef = 6AB7C6EF2BA197430009BFB9 /* APIImage.swift */; };
		6AB7C6F22BA19AB80009BFB9 /* FeaturedPlaylistsResponse.swift in Sources */ = {isa = PBXBuildFile; fileRef = 6AB7C6F12BA19AB80009BFB9 /* FeaturedPlaylistsResponse.swift */; };
		6AB7C6F42BA1A16F0009BFB9 /* RecommendationsResponse.swift in Sources */ = {isa = PBXBuildFile; fileRef = 6AB7C6F32BA1A16F0009BFB9 /* RecommendationsResponse.swift */; };
		6AB7C6F62BA1A1920009BFB9 /* RecommendedGenresResponse.swift in Sources */ = {isa = PBXBuildFile; fileRef = 6AB7C6F52BA1A1920009BFB9 /* RecommendedGenresResponse.swift */; };
		6AFF38B82BA444970044654B /* FeaturedPlaylistCellViewModel.swift in Sources */ = {isa = PBXBuildFile; fileRef = 6AFF38B72BA444970044654B /* FeaturedPlaylistCellViewModel.swift */; };
		6AFF38BA2BA444DF0044654B /* RecommendedTrackCellViewModels.swift in Sources */ = {isa = PBXBuildFile; fileRef = 6AFF38B92BA444DF0044654B /* RecommendedTrackCellViewModels.swift */; };
		D6CBA0ACE2DFC1822795E1A7 /* Pods_Spotify.framework in Frameworks */ = {isa = PBXBuildFile; fileRef = E11608217B7340F803476054 /* Pods_Spotify.framework */; };
/* End PBXBuildFile section */

/* Begin PBXContainerItemProxy section */
		6A5899B52B9F23AA0004E3E9 /* PBXContainerItemProxy */ = {
			isa = PBXContainerItemProxy;
			containerPortal = 6A5899962B9F23A90004E3E9 /* Project object */;
			proxyType = 1;
			remoteGlobalIDString = 6A58999D2B9F23A90004E3E9;
			remoteInfo = Spotify;
		};
		6A5899BF2B9F23AA0004E3E9 /* PBXContainerItemProxy */ = {
			isa = PBXContainerItemProxy;
			containerPortal = 6A5899962B9F23A90004E3E9 /* Project object */;
			proxyType = 1;
			remoteGlobalIDString = 6A58999D2B9F23A90004E3E9;
			remoteInfo = Spotify;
		};
/* End PBXContainerItemProxy section */

/* Begin PBXFileReference section */
		33F9FD7725EBFB09E6D1797C /* Pods_Spotify_SpotifyUITests.framework */ = {isa = PBXFileReference; explicitFileType = wrapper.framework; includeInIndex = 0; path = Pods_Spotify_SpotifyUITests.framework; sourceTree = BUILT_PRODUCTS_DIR; };
		542FBA9C8391F1875CEDFD52 /* Pods-SpotifyTests.release.xcconfig */ = {isa = PBXFileReference; includeInIndex = 1; lastKnownFileType = text.xcconfig; name = "Pods-SpotifyTests.release.xcconfig"; path = "Target Support Files/Pods-SpotifyTests/Pods-SpotifyTests.release.xcconfig"; sourceTree = "<group>"; };
		6A0352BF2BA84A980046E9B7 /* AlbumViewController.swift */ = {isa = PBXFileReference; lastKnownFileType = sourcecode.swift; path = AlbumViewController.swift; sourceTree = "<group>"; };
		6A0352C12BA853220046E9B7 /* AlbumDetailResponse.swift */ = {isa = PBXFileReference; lastKnownFileType = sourcecode.swift; path = AlbumDetailResponse.swift; sourceTree = "<group>"; };
		6A0352C32BA857280046E9B7 /* PlaylistDetailsResponse.swift */ = {isa = PBXFileReference; lastKnownFileType = sourcecode.swift; path = PlaylistDetailsResponse.swift; sourceTree = "<group>"; };
		6A0352C52BA863130046E9B7 /* PlaylistHeaderCollectionReusableView.swift */ = {isa = PBXFileReference; lastKnownFileType = sourcecode.swift; path = PlaylistHeaderCollectionReusableView.swift; sourceTree = "<group>"; };
		6A28671A2BA9A42800D265A7 /* PlaylistHeaderViewViewModel.swift */ = {isa = PBXFileReference; lastKnownFileType = sourcecode.swift; path = PlaylistHeaderViewViewModel.swift; sourceTree = "<group>"; };
		6A28671C2BA9B64F00D265A7 /* TitleHeaderCollectionReusableView.swift */ = {isa = PBXFileReference; lastKnownFileType = sourcecode.swift; path = TitleHeaderCollectionReusableView.swift; sourceTree = "<group>"; };
		6A28671E2BA9D85200D265A7 /* AlbumCollectionViewCellViewModel.swift */ = {isa = PBXFileReference; lastKnownFileType = sourcecode.swift; path = AlbumCollectionViewCellViewModel.swift; sourceTree = "<group>"; };
		6A2867222BA9DB7D00D265A7 /* AlbumTrackCollectionViewCell.swift */ = {isa = PBXFileReference; lastKnownFileType = sourcecode.swift; path = AlbumTrackCollectionViewCell.swift; sourceTree = "<group>"; };
		6A36A9C62BA0516F00D8838F /* SettingsModels.swift */ = {isa = PBXFileReference; lastKnownFileType = sourcecode.swift; path = SettingsModels.swift; sourceTree = "<group>"; };
		6A58999E2B9F23A90004E3E9 /* Spotify.app */ = {isa = PBXFileReference; explicitFileType = wrapper.application; includeInIndex = 0; path = Spotify.app; sourceTree = BUILT_PRODUCTS_DIR; };
		6A5899A12B9F23A90004E3E9 /* AppDelegate.swift */ = {isa = PBXFileReference; lastKnownFileType = sourcecode.swift; path = AppDelegate.swift; sourceTree = "<group>"; };
		6A5899A32B9F23A90004E3E9 /* SceneDelegate.swift */ = {isa = PBXFileReference; lastKnownFileType = sourcecode.swift; path = SceneDelegate.swift; sourceTree = "<group>"; };
		6A5899A52B9F23A90004E3E9 /* HomeViewController.swift */ = {isa = PBXFileReference; lastKnownFileType = sourcecode.swift; path = HomeViewController.swift; sourceTree = "<group>"; };
		6A5899AA2B9F23AA0004E3E9 /* Assets.xcassets */ = {isa = PBXFileReference; lastKnownFileType = folder.assetcatalog; path = Assets.xcassets; sourceTree = "<group>"; };
		6A5899AD2B9F23AA0004E3E9 /* Base */ = {isa = PBXFileReference; lastKnownFileType = file.storyboard; name = Base; path = Base.lproj/LaunchScreen.storyboard; sourceTree = "<group>"; };
		6A5899AF2B9F23AA0004E3E9 /* Info.plist */ = {isa = PBXFileReference; lastKnownFileType = text.plist.xml; path = Info.plist; sourceTree = "<group>"; };
		6A5899B42B9F23AA0004E3E9 /* SpotifyTests.xctest */ = {isa = PBXFileReference; explicitFileType = wrapper.cfbundle; includeInIndex = 0; path = SpotifyTests.xctest; sourceTree = BUILT_PRODUCTS_DIR; };
		6A5899B82B9F23AA0004E3E9 /* SpotifyTests.swift */ = {isa = PBXFileReference; lastKnownFileType = sourcecode.swift; path = SpotifyTests.swift; sourceTree = "<group>"; };
		6A5899BE2B9F23AA0004E3E9 /* SpotifyUITests.xctest */ = {isa = PBXFileReference; explicitFileType = wrapper.cfbundle; includeInIndex = 0; path = SpotifyUITests.xctest; sourceTree = BUILT_PRODUCTS_DIR; };
		6A5899C22B9F23AA0004E3E9 /* SpotifyUITests.swift */ = {isa = PBXFileReference; lastKnownFileType = sourcecode.swift; path = SpotifyUITests.swift; sourceTree = "<group>"; };
		6A5899C42B9F23AA0004E3E9 /* SpotifyUITestsLaunchTests.swift */ = {isa = PBXFileReference; lastKnownFileType = sourcecode.swift; path = SpotifyUITestsLaunchTests.swift; sourceTree = "<group>"; };
		6A6EE4BC2B9F2BA600D38EB7 /* TabBarViewController.swift */ = {isa = PBXFileReference; lastKnownFileType = sourcecode.swift; path = TabBarViewController.swift; sourceTree = "<group>"; };
		6A6EE4BE2B9F2BD500D38EB7 /* SearchViewController.swift */ = {isa = PBXFileReference; lastKnownFileType = sourcecode.swift; path = SearchViewController.swift; sourceTree = "<group>"; };
		6A6EE4C02B9F2BEB00D38EB7 /* LibraryViewController.swift */ = {isa = PBXFileReference; lastKnownFileType = sourcecode.swift; path = LibraryViewController.swift; sourceTree = "<group>"; };
		6A6EE4C52B9F2C3600D38EB7 /* AuthViewController.swift */ = {isa = PBXFileReference; lastKnownFileType = sourcecode.swift; path = AuthViewController.swift; sourceTree = "<group>"; };
		6A6EE4C72B9F2C4000D38EB7 /* WelcomeViewController.swift */ = {isa = PBXFileReference; lastKnownFileType = sourcecode.swift; path = WelcomeViewController.swift; sourceTree = "<group>"; };
		6A6EE4C92B9F2C5100D38EB7 /* SettingsViewController.swift */ = {isa = PBXFileReference; lastKnownFileType = sourcecode.swift; path = SettingsViewController.swift; sourceTree = "<group>"; };
		6A6EE4CB2B9F2C5D00D38EB7 /* ProfileViewController.swift */ = {isa = PBXFileReference; lastKnownFileType = sourcecode.swift; path = ProfileViewController.swift; sourceTree = "<group>"; };
		6A6EE4CD2B9F2C6600D38EB7 /* PlayerViewController.swift */ = {isa = PBXFileReference; lastKnownFileType = sourcecode.swift; path = PlayerViewController.swift; sourceTree = "<group>"; };
		6A6EE4CF2B9F2C7600D38EB7 /* PlaylistViewController.swift */ = {isa = PBXFileReference; lastKnownFileType = sourcecode.swift; path = PlaylistViewController.swift; sourceTree = "<group>"; };
		6A6EE4D12B9F2C8800D38EB7 /* SearchResultsViewController.swift */ = {isa = PBXFileReference; lastKnownFileType = sourcecode.swift; path = SearchResultsViewController.swift; sourceTree = "<group>"; };
		6A6EE4D32B9F2CA900D38EB7 /* AuthManager.swift */ = {isa = PBXFileReference; lastKnownFileType = sourcecode.swift; path = AuthManager.swift; sourceTree = "<group>"; };
		6A6EE4D52B9F2CB700D38EB7 /* APICaller.swift */ = {isa = PBXFileReference; lastKnownFileType = sourcecode.swift; path = APICaller.swift; sourceTree = "<group>"; };
		6A6EE4D72B9F2CC300D38EB7 /* HapticsManager.swift */ = {isa = PBXFileReference; lastKnownFileType = sourcecode.swift; path = HapticsManager.swift; sourceTree = "<group>"; };
		6A6EE4D92B9F2CD800D38EB7 /* Playlist.swift */ = {isa = PBXFileReference; lastKnownFileType = sourcecode.swift; path = Playlist.swift; sourceTree = "<group>"; };
		6A6EE4DB2B9F2CE100D38EB7 /* AudioTrack.swift */ = {isa = PBXFileReference; lastKnownFileType = sourcecode.swift; path = AudioTrack.swift; sourceTree = "<group>"; };
		6A6EE4DD2B9F2CEA00D38EB7 /* Artist.swift */ = {isa = PBXFileReference; lastKnownFileType = sourcecode.swift; path = Artist.swift; sourceTree = "<group>"; };
		6A6EE4DF2B9F2CFB00D38EB7 /* UserProfile.swift */ = {isa = PBXFileReference; lastKnownFileType = sourcecode.swift; path = UserProfile.swift; sourceTree = "<group>"; };
		6A6EE4E12B9F38B100D38EB7 /* Extensions.swift */ = {isa = PBXFileReference; lastKnownFileType = sourcecode.swift; path = Extensions.swift; sourceTree = "<group>"; };
		6A6EE4E32B9F4FEF00D38EB7 /* AuthResponse.swift */ = {isa = PBXFileReference; lastKnownFileType = sourcecode.swift; path = AuthResponse.swift; sourceTree = "<group>"; };
		6AA3334F2BA2EEE30033E6E8 /* NewReleaseCollectionViewCell.swift */ = {isa = PBXFileReference; lastKnownFileType = sourcecode.swift; path = NewReleaseCollectionViewCell.swift; sourceTree = "<group>"; };
		6AA333512BA2EF1B0033E6E8 /* FeaturedPlaylistCollectionViewCell.swift */ = {isa = PBXFileReference; lastKnownFileType = sourcecode.swift; path = FeaturedPlaylistCollectionViewCell.swift; sourceTree = "<group>"; };
		6AA333532BA2EF3F0033E6E8 /* RecommendedTrackCollectionViewCell.swift */ = {isa = PBXFileReference; lastKnownFileType = sourcecode.swift; path = RecommendedTrackCollectionViewCell.swift; sourceTree = "<group>"; };
		6AA333552BA2F6C50033E6E8 /* NewReleasesCellViewModel.swift */ = {isa = PBXFileReference; lastKnownFileType = sourcecode.swift; path = NewReleasesCellViewModel.swift; sourceTree = "<group>"; };
		6AB7C6ED2BA196730009BFB9 /* NewReleasesResponse.swift */ = {isa = PBXFileReference; lastKnownFileType = sourcecode.swift; path = NewReleasesResponse.swift; sourceTree = "<group>"; };
		6AB7C6EF2BA197430009BFB9 /* APIImage.swift */ = {isa = PBXFileReference; lastKnownFileType = sourcecode.swift; path = APIImage.swift; sourceTree = "<group>"; };
		6AB7C6F12BA19AB80009BFB9 /* FeaturedPlaylistsResponse.swift */ = {isa = PBXFileReference; lastKnownFileType = sourcecode.swift; path = FeaturedPlaylistsResponse.swift; sourceTree = "<group>"; };
		6AB7C6F32BA1A16F0009BFB9 /* RecommendationsResponse.swift */ = {isa = PBXFileReference; lastKnownFileType = sourcecode.swift; path = RecommendationsResponse.swift; sourceTree = "<group>"; };
		6AB7C6F52BA1A1920009BFB9 /* RecommendedGenresResponse.swift */ = {isa = PBXFileReference; lastKnownFileType = sourcecode.swift; path = RecommendedGenresResponse.swift; sourceTree = "<group>"; };
		6AFF38B72BA444970044654B /* FeaturedPlaylistCellViewModel.swift */ = {isa = PBXFileReference; lastKnownFileType = sourcecode.swift; path = FeaturedPlaylistCellViewModel.swift; sourceTree = "<group>"; };
		6AFF38B92BA444DF0044654B /* RecommendedTrackCellViewModels.swift */ = {isa = PBXFileReference; lastKnownFileType = sourcecode.swift; path = RecommendedTrackCellViewModels.swift; sourceTree = "<group>"; };
		763C152F74DD2F25A957476C /* Pods-Spotify-SpotifyUITests.debug.xcconfig */ = {isa = PBXFileReference; includeInIndex = 1; lastKnownFileType = text.xcconfig; name = "Pods-Spotify-SpotifyUITests.debug.xcconfig"; path = "Target Support Files/Pods-Spotify-SpotifyUITests/Pods-Spotify-SpotifyUITests.debug.xcconfig"; sourceTree = "<group>"; };
		9FFA49CB59EDE02D16C616B5 /* Pods-Spotify.release.xcconfig */ = {isa = PBXFileReference; includeInIndex = 1; lastKnownFileType = text.xcconfig; name = "Pods-Spotify.release.xcconfig"; path = "Target Support Files/Pods-Spotify/Pods-Spotify.release.xcconfig"; sourceTree = "<group>"; };
		C44CE11AAC52DF56F3BD9DBE /* Pods-Spotify.debug.xcconfig */ = {isa = PBXFileReference; includeInIndex = 1; lastKnownFileType = text.xcconfig; name = "Pods-Spotify.debug.xcconfig"; path = "Target Support Files/Pods-Spotify/Pods-Spotify.debug.xcconfig"; sourceTree = "<group>"; };
		E11608217B7340F803476054 /* Pods_Spotify.framework */ = {isa = PBXFileReference; explicitFileType = wrapper.framework; includeInIndex = 0; path = Pods_Spotify.framework; sourceTree = BUILT_PRODUCTS_DIR; };
		E31945F106B66E481BDAD4CA /* Pods_SpotifyTests.framework */ = {isa = PBXFileReference; explicitFileType = wrapper.framework; includeInIndex = 0; path = Pods_SpotifyTests.framework; sourceTree = BUILT_PRODUCTS_DIR; };
		E85C273BB506D1667339F099 /* Pods-SpotifyTests.debug.xcconfig */ = {isa = PBXFileReference; includeInIndex = 1; lastKnownFileType = text.xcconfig; name = "Pods-SpotifyTests.debug.xcconfig"; path = "Target Support Files/Pods-SpotifyTests/Pods-SpotifyTests.debug.xcconfig"; sourceTree = "<group>"; };
		F9D6EEF19EF9F8807AB6E174 /* Pods-Spotify-SpotifyUITests.release.xcconfig */ = {isa = PBXFileReference; includeInIndex = 1; lastKnownFileType = text.xcconfig; name = "Pods-Spotify-SpotifyUITests.release.xcconfig"; path = "Target Support Files/Pods-Spotify-SpotifyUITests/Pods-Spotify-SpotifyUITests.release.xcconfig"; sourceTree = "<group>"; };
/* End PBXFileReference section */

/* Begin PBXFrameworksBuildPhase section */
		6A58999B2B9F23A90004E3E9 /* Frameworks */ = {
			isa = PBXFrameworksBuildPhase;
			buildActionMask = 2147483647;
			files = (
				D6CBA0ACE2DFC1822795E1A7 /* Pods_Spotify.framework in Frameworks */,
			);
			runOnlyForDeploymentPostprocessing = 0;
		};
		6A5899B12B9F23AA0004E3E9 /* Frameworks */ = {
			isa = PBXFrameworksBuildPhase;
			buildActionMask = 2147483647;
			files = (
				30F0DEBBA4E90CB0AD347955 /* Pods_SpotifyTests.framework in Frameworks */,
			);
			runOnlyForDeploymentPostprocessing = 0;
		};
		6A5899BB2B9F23AA0004E3E9 /* Frameworks */ = {
			isa = PBXFrameworksBuildPhase;
			buildActionMask = 2147483647;
			files = (
				055F534F550870F9889B5D75 /* Pods_Spotify_SpotifyUITests.framework in Frameworks */,
			);
			runOnlyForDeploymentPostprocessing = 0;
		};
/* End PBXFrameworksBuildPhase section */

/* Begin PBXGroup section */
		1FD6C89943CFB12DA2D613BC /* Frameworks */ = {
			isa = PBXGroup;
			children = (
				E11608217B7340F803476054 /* Pods_Spotify.framework */,
				33F9FD7725EBFB09E6D1797C /* Pods_Spotify_SpotifyUITests.framework */,
				E31945F106B66E481BDAD4CA /* Pods_SpotifyTests.framework */,
			);
			name = Frameworks;
			sourceTree = "<group>";
		};
		6A5899952B9F23A90004E3E9 = {
			isa = PBXGroup;
			children = (
				6A5899A02B9F23A90004E3E9 /* Spotify */,
				6A5899B72B9F23AA0004E3E9 /* SpotifyTests */,
				6A5899C12B9F23AA0004E3E9 /* SpotifyUITests */,
				6A58999F2B9F23A90004E3E9 /* Products */,
				77F5D8B54C21CBCD322CC0A6 /* Pods */,
				1FD6C89943CFB12DA2D613BC /* Frameworks */,
			);
			sourceTree = "<group>";
		};
		6A58999F2B9F23A90004E3E9 /* Products */ = {
			isa = PBXGroup;
			children = (
				6A58999E2B9F23A90004E3E9 /* Spotify.app */,
				6A5899B42B9F23AA0004E3E9 /* SpotifyTests.xctest */,
				6A5899BE2B9F23AA0004E3E9 /* SpotifyUITests.xctest */,
			);
			name = Products;
			sourceTree = "<group>";
		};
		6A5899A02B9F23A90004E3E9 /* Spotify */ = {
			isa = PBXGroup;
			children = (
				6A5899D62B9F26680004E3E9 /* Resources */,
				6A5899D52B9F264E0004E3E9 /* Managers */,
				6A5899D42B9F26390004E3E9 /* ViewModels */,
				6A5899D32B9F26330004E3E9 /* Models */,
				6A5899D22B9F262E0004E3E9 /* Views */,
				6A5899D12B9F26210004E3E9 /* Controllers */,
				6A5899AF2B9F23AA0004E3E9 /* Info.plist */,
			);
			path = Spotify;
			sourceTree = "<group>";
		};
		6A5899B72B9F23AA0004E3E9 /* SpotifyTests */ = {
			isa = PBXGroup;
			children = (
				6A5899B82B9F23AA0004E3E9 /* SpotifyTests.swift */,
			);
			path = SpotifyTests;
			sourceTree = "<group>";
		};
		6A5899C12B9F23AA0004E3E9 /* SpotifyUITests */ = {
			isa = PBXGroup;
			children = (
				6A5899C22B9F23AA0004E3E9 /* SpotifyUITests.swift */,
				6A5899C42B9F23AA0004E3E9 /* SpotifyUITestsLaunchTests.swift */,
			);
			path = SpotifyUITests;
			sourceTree = "<group>";
		};
		6A5899D12B9F26210004E3E9 /* Controllers */ = {
			isa = PBXGroup;
			children = (
				6A6EE4C42B9F2C2100D38EB7 /* Other */,
				6A6EE4C32B9F2C1200D38EB7 /* Core */,
			);
			path = Controllers;
			sourceTree = "<group>";
		};
		6A5899D22B9F262E0004E3E9 /* Views */ = {
			isa = PBXGroup;
			children = (
				6AA3334E2BA2EEB30033E6E8 /* Browse */,
				6A5899AC2B9F23AA0004E3E9 /* LaunchScreen.storyboard */,
				6A0352C52BA863130046E9B7 /* PlaylistHeaderCollectionReusableView.swift */,
				6A28671C2BA9B64F00D265A7 /* TitleHeaderCollectionReusableView.swift */,
				6A2867222BA9DB7D00D265A7 /* AlbumTrackCollectionViewCell.swift */,
			);
			path = Views;
			sourceTree = "<group>";
		};
		6A5899D32B9F26330004E3E9 /* Models */ = {
			isa = PBXGroup;
			children = (
				6A6EE4D92B9F2CD800D38EB7 /* Playlist.swift */,
				6A6EE4DB2B9F2CE100D38EB7 /* AudioTrack.swift */,
				6A6EE4DD2B9F2CEA00D38EB7 /* Artist.swift */,
				6A6EE4DF2B9F2CFB00D38EB7 /* UserProfile.swift */,
				6A6EE4E32B9F4FEF00D38EB7 /* AuthResponse.swift */,
				6A36A9C62BA0516F00D8838F /* SettingsModels.swift */,
				6AB7C6ED2BA196730009BFB9 /* NewReleasesResponse.swift */,
				6AB7C6EF2BA197430009BFB9 /* APIImage.swift */,
				6AB7C6F12BA19AB80009BFB9 /* FeaturedPlaylistsResponse.swift */,
				6AB7C6F32BA1A16F0009BFB9 /* RecommendationsResponse.swift */,
				6AB7C6F52BA1A1920009BFB9 /* RecommendedGenresResponse.swift */,
				6A0352C12BA853220046E9B7 /* AlbumDetailResponse.swift */,
				6A0352C32BA857280046E9B7 /* PlaylistDetailsResponse.swift */,
			);
			path = Models;
			sourceTree = "<group>";
		};
		6A5899D42B9F26390004E3E9 /* ViewModels */ = {
			isa = PBXGroup;
			children = (
				6AA333552BA2F6C50033E6E8 /* NewReleasesCellViewModel.swift */,
				6AFF38B72BA444970044654B /* FeaturedPlaylistCellViewModel.swift */,
				6AFF38B92BA444DF0044654B /* RecommendedTrackCellViewModels.swift */,
				6A28671A2BA9A42800D265A7 /* PlaylistHeaderViewViewModel.swift */,
				6A28671E2BA9D85200D265A7 /* AlbumCollectionViewCellViewModel.swift */,
			);
			path = ViewModels;
			sourceTree = "<group>";
		};
		6A5899D52B9F264E0004E3E9 /* Managers */ = {
			isa = PBXGroup;
			children = (
				6A6EE4D32B9F2CA900D38EB7 /* AuthManager.swift */,
				6A6EE4D52B9F2CB700D38EB7 /* APICaller.swift */,
				6A6EE4D72B9F2CC300D38EB7 /* HapticsManager.swift */,
			);
			path = Managers;
			sourceTree = "<group>";
		};
		6A5899D62B9F26680004E3E9 /* Resources */ = {
			isa = PBXGroup;
			children = (
				6A5899A12B9F23A90004E3E9 /* AppDelegate.swift */,
				6A5899A32B9F23A90004E3E9 /* SceneDelegate.swift */,
				6A5899AA2B9F23AA0004E3E9 /* Assets.xcassets */,
				6A6EE4E12B9F38B100D38EB7 /* Extensions.swift */,
			);
			path = Resources;
			sourceTree = "<group>";
		};
		6A6EE4C32B9F2C1200D38EB7 /* Core */ = {
			isa = PBXGroup;
			children = (
				6A5899A52B9F23A90004E3E9 /* HomeViewController.swift */,
				6A6EE4BC2B9F2BA600D38EB7 /* TabBarViewController.swift */,
				6A6EE4BE2B9F2BD500D38EB7 /* SearchViewController.swift */,
				6A6EE4C02B9F2BEB00D38EB7 /* LibraryViewController.swift */,
			);
			path = Core;
			sourceTree = "<group>";
		};
		6A6EE4C42B9F2C2100D38EB7 /* Other */ = {
			isa = PBXGroup;
			children = (
				6A6EE4C52B9F2C3600D38EB7 /* AuthViewController.swift */,
				6A6EE4C72B9F2C4000D38EB7 /* WelcomeViewController.swift */,
				6A6EE4C92B9F2C5100D38EB7 /* SettingsViewController.swift */,
				6A6EE4CB2B9F2C5D00D38EB7 /* ProfileViewController.swift */,
				6A6EE4CD2B9F2C6600D38EB7 /* PlayerViewController.swift */,
				6A6EE4CF2B9F2C7600D38EB7 /* PlaylistViewController.swift */,
				6A6EE4D12B9F2C8800D38EB7 /* SearchResultsViewController.swift */,
				6A0352BF2BA84A980046E9B7 /* AlbumViewController.swift */,
			);
			path = Other;
			sourceTree = "<group>";
		};
		6AA3334E2BA2EEB30033E6E8 /* Browse */ = {
			isa = PBXGroup;
			children = (
				6AA3334F2BA2EEE30033E6E8 /* NewReleaseCollectionViewCell.swift */,
				6AA333512BA2EF1B0033E6E8 /* FeaturedPlaylistCollectionViewCell.swift */,
				6AA333532BA2EF3F0033E6E8 /* RecommendedTrackCollectionViewCell.swift */,
			);
			path = Browse;
			sourceTree = "<group>";
		};
		77F5D8B54C21CBCD322CC0A6 /* Pods */ = {
			isa = PBXGroup;
			children = (
				C44CE11AAC52DF56F3BD9DBE /* Pods-Spotify.debug.xcconfig */,
				9FFA49CB59EDE02D16C616B5 /* Pods-Spotify.release.xcconfig */,
				763C152F74DD2F25A957476C /* Pods-Spotify-SpotifyUITests.debug.xcconfig */,
				F9D6EEF19EF9F8807AB6E174 /* Pods-Spotify-SpotifyUITests.release.xcconfig */,
				E85C273BB506D1667339F099 /* Pods-SpotifyTests.debug.xcconfig */,
				542FBA9C8391F1875CEDFD52 /* Pods-SpotifyTests.release.xcconfig */,
			);
			path = Pods;
			sourceTree = "<group>";
		};
/* End PBXGroup section */

/* Begin PBXNativeTarget section */
		6A58999D2B9F23A90004E3E9 /* Spotify */ = {
			isa = PBXNativeTarget;
			buildConfigurationList = 6A5899C82B9F23AA0004E3E9 /* Build configuration list for PBXNativeTarget "Spotify" */;
			buildPhases = (
				E67BD486293B409A5657FD71 /* [CP] Check Pods Manifest.lock */,
				6A58999A2B9F23A90004E3E9 /* Sources */,
				6A58999B2B9F23A90004E3E9 /* Frameworks */,
				6A58999C2B9F23A90004E3E9 /* Resources */,
				9EE04E19097A25EE2D24260A /* [CP] Embed Pods Frameworks */,
			);
			buildRules = (
			);
			dependencies = (
			);
			name = Spotify;
			productName = Spotify;
			productReference = 6A58999E2B9F23A90004E3E9 /* Spotify.app */;
			productType = "com.apple.product-type.application";
		};
		6A5899B32B9F23AA0004E3E9 /* SpotifyTests */ = {
			isa = PBXNativeTarget;
			buildConfigurationList = 6A5899CB2B9F23AA0004E3E9 /* Build configuration list for PBXNativeTarget "SpotifyTests" */;
			buildPhases = (
				D7F53A40CAF5BA3905C9F65D /* [CP] Check Pods Manifest.lock */,
				6A5899B02B9F23AA0004E3E9 /* Sources */,
				6A5899B12B9F23AA0004E3E9 /* Frameworks */,
				6A5899B22B9F23AA0004E3E9 /* Resources */,
			);
			buildRules = (
			);
			dependencies = (
				6A5899B62B9F23AA0004E3E9 /* PBXTargetDependency */,
			);
			name = SpotifyTests;
			productName = SpotifyTests;
			productReference = 6A5899B42B9F23AA0004E3E9 /* SpotifyTests.xctest */;
			productType = "com.apple.product-type.bundle.unit-test";
		};
		6A5899BD2B9F23AA0004E3E9 /* SpotifyUITests */ = {
			isa = PBXNativeTarget;
			buildConfigurationList = 6A5899CE2B9F23AA0004E3E9 /* Build configuration list for PBXNativeTarget "SpotifyUITests" */;
			buildPhases = (
				1B79158DD75DC61437C99FD6 /* [CP] Check Pods Manifest.lock */,
				6A5899BA2B9F23AA0004E3E9 /* Sources */,
				6A5899BB2B9F23AA0004E3E9 /* Frameworks */,
				6A5899BC2B9F23AA0004E3E9 /* Resources */,
				CAF6BB9B880A0FE9D8A00BD3 /* [CP] Embed Pods Frameworks */,
			);
			buildRules = (
			);
			dependencies = (
				6A5899C02B9F23AA0004E3E9 /* PBXTargetDependency */,
			);
			name = SpotifyUITests;
			productName = SpotifyUITests;
			productReference = 6A5899BE2B9F23AA0004E3E9 /* SpotifyUITests.xctest */;
			productType = "com.apple.product-type.bundle.ui-testing";
		};
/* End PBXNativeTarget section */

/* Begin PBXProject section */
		6A5899962B9F23A90004E3E9 /* Project object */ = {
			isa = PBXProject;
			attributes = {
				BuildIndependentTargetsInParallel = 1;
				LastSwiftUpdateCheck = 1530;
				LastUpgradeCheck = 1530;
				TargetAttributes = {
					6A58999D2B9F23A90004E3E9 = {
						CreatedOnToolsVersion = 15.3;
					};
					6A5899B32B9F23AA0004E3E9 = {
						CreatedOnToolsVersion = 15.3;
						TestTargetID = 6A58999D2B9F23A90004E3E9;
					};
					6A5899BD2B9F23AA0004E3E9 = {
						CreatedOnToolsVersion = 15.3;
						TestTargetID = 6A58999D2B9F23A90004E3E9;
					};
				};
			};
			buildConfigurationList = 6A5899992B9F23A90004E3E9 /* Build configuration list for PBXProject "Spotify" */;
			compatibilityVersion = "Xcode 14.0";
			developmentRegion = en;
			hasScannedForEncodings = 0;
			knownRegions = (
				en,
				Base,
			);
			mainGroup = 6A5899952B9F23A90004E3E9;
			productRefGroup = 6A58999F2B9F23A90004E3E9 /* Products */;
			projectDirPath = "";
			projectRoot = "";
			targets = (
				6A58999D2B9F23A90004E3E9 /* Spotify */,
				6A5899B32B9F23AA0004E3E9 /* SpotifyTests */,
				6A5899BD2B9F23AA0004E3E9 /* SpotifyUITests */,
			);
		};
/* End PBXProject section */

/* Begin PBXResourcesBuildPhase section */
		6A58999C2B9F23A90004E3E9 /* Resources */ = {
			isa = PBXResourcesBuildPhase;
			buildActionMask = 2147483647;
			files = (
				6A5899AB2B9F23AA0004E3E9 /* Assets.xcassets in Resources */,
				6A5899AE2B9F23AA0004E3E9 /* Base in Resources */,
			);
			runOnlyForDeploymentPostprocessing = 0;
		};
		6A5899B22B9F23AA0004E3E9 /* Resources */ = {
			isa = PBXResourcesBuildPhase;
			buildActionMask = 2147483647;
			files = (
			);
			runOnlyForDeploymentPostprocessing = 0;
		};
		6A5899BC2B9F23AA0004E3E9 /* Resources */ = {
			isa = PBXResourcesBuildPhase;
			buildActionMask = 2147483647;
			files = (
			);
			runOnlyForDeploymentPostprocessing = 0;
		};
/* End PBXResourcesBuildPhase section */

/* Begin PBXShellScriptBuildPhase section */
		1B79158DD75DC61437C99FD6 /* [CP] Check Pods Manifest.lock */ = {
			isa = PBXShellScriptBuildPhase;
			buildActionMask = 2147483647;
			files = (
			);
			inputFileListPaths = (
			);
			inputPaths = (
				"${PODS_PODFILE_DIR_PATH}/Podfile.lock",
				"${PODS_ROOT}/Manifest.lock",
			);
			name = "[CP] Check Pods Manifest.lock";
			outputFileListPaths = (
			);
			outputPaths = (
				"$(DERIVED_FILE_DIR)/Pods-Spotify-SpotifyUITests-checkManifestLockResult.txt",
			);
			runOnlyForDeploymentPostprocessing = 0;
			shellPath = /bin/sh;
			shellScript = "diff \"${PODS_PODFILE_DIR_PATH}/Podfile.lock\" \"${PODS_ROOT}/Manifest.lock\" > /dev/null\nif [ $? != 0 ] ; then\n    # print error to STDERR\n    echo \"error: The sandbox is not in sync with the Podfile.lock. Run 'pod install' or update your CocoaPods installation.\" >&2\n    exit 1\nfi\n# This output is used by Xcode 'outputs' to avoid re-running this script phase.\necho \"SUCCESS\" > \"${SCRIPT_OUTPUT_FILE_0}\"\n";
			showEnvVarsInLog = 0;
		};
		9EE04E19097A25EE2D24260A /* [CP] Embed Pods Frameworks */ = {
			isa = PBXShellScriptBuildPhase;
			buildActionMask = 2147483647;
			files = (
			);
			inputFileListPaths = (
				"${PODS_ROOT}/Target Support Files/Pods-Spotify/Pods-Spotify-frameworks-${CONFIGURATION}-input-files.xcfilelist",
			);
			name = "[CP] Embed Pods Frameworks";
			outputFileListPaths = (
				"${PODS_ROOT}/Target Support Files/Pods-Spotify/Pods-Spotify-frameworks-${CONFIGURATION}-output-files.xcfilelist",
			);
			runOnlyForDeploymentPostprocessing = 0;
			shellPath = /bin/sh;
			shellScript = "\"${PODS_ROOT}/Target Support Files/Pods-Spotify/Pods-Spotify-frameworks.sh\"\n";
			showEnvVarsInLog = 0;
		};
		CAF6BB9B880A0FE9D8A00BD3 /* [CP] Embed Pods Frameworks */ = {
			isa = PBXShellScriptBuildPhase;
			buildActionMask = 2147483647;
			files = (
			);
			inputFileListPaths = (
				"${PODS_ROOT}/Target Support Files/Pods-Spotify-SpotifyUITests/Pods-Spotify-SpotifyUITests-frameworks-${CONFIGURATION}-input-files.xcfilelist",
			);
			name = "[CP] Embed Pods Frameworks";
			outputFileListPaths = (
				"${PODS_ROOT}/Target Support Files/Pods-Spotify-SpotifyUITests/Pods-Spotify-SpotifyUITests-frameworks-${CONFIGURATION}-output-files.xcfilelist",
			);
			runOnlyForDeploymentPostprocessing = 0;
			shellPath = /bin/sh;
			shellScript = "\"${PODS_ROOT}/Target Support Files/Pods-Spotify-SpotifyUITests/Pods-Spotify-SpotifyUITests-frameworks.sh\"\n";
			showEnvVarsInLog = 0;
		};
		D7F53A40CAF5BA3905C9F65D /* [CP] Check Pods Manifest.lock */ = {
			isa = PBXShellScriptBuildPhase;
			buildActionMask = 2147483647;
			files = (
			);
			inputFileListPaths = (
			);
			inputPaths = (
				"${PODS_PODFILE_DIR_PATH}/Podfile.lock",
				"${PODS_ROOT}/Manifest.lock",
			);
			name = "[CP] Check Pods Manifest.lock";
			outputFileListPaths = (
			);
			outputPaths = (
				"$(DERIVED_FILE_DIR)/Pods-SpotifyTests-checkManifestLockResult.txt",
			);
			runOnlyForDeploymentPostprocessing = 0;
			shellPath = /bin/sh;
			shellScript = "diff \"${PODS_PODFILE_DIR_PATH}/Podfile.lock\" \"${PODS_ROOT}/Manifest.lock\" > /dev/null\nif [ $? != 0 ] ; then\n    # print error to STDERR\n    echo \"error: The sandbox is not in sync with the Podfile.lock. Run 'pod install' or update your CocoaPods installation.\" >&2\n    exit 1\nfi\n# This output is used by Xcode 'outputs' to avoid re-running this script phase.\necho \"SUCCESS\" > \"${SCRIPT_OUTPUT_FILE_0}\"\n";
			showEnvVarsInLog = 0;
		};
		E67BD486293B409A5657FD71 /* [CP] Check Pods Manifest.lock */ = {
			isa = PBXShellScriptBuildPhase;
			buildActionMask = 2147483647;
			files = (
			);
			inputFileListPaths = (
			);
			inputPaths = (
				"${PODS_PODFILE_DIR_PATH}/Podfile.lock",
				"${PODS_ROOT}/Manifest.lock",
			);
			name = "[CP] Check Pods Manifest.lock";
			outputFileListPaths = (
			);
			outputPaths = (
				"$(DERIVED_FILE_DIR)/Pods-Spotify-checkManifestLockResult.txt",
			);
			runOnlyForDeploymentPostprocessing = 0;
			shellPath = /bin/sh;
			shellScript = "diff \"${PODS_PODFILE_DIR_PATH}/Podfile.lock\" \"${PODS_ROOT}/Manifest.lock\" > /dev/null\nif [ $? != 0 ] ; then\n    # print error to STDERR\n    echo \"error: The sandbox is not in sync with the Podfile.lock. Run 'pod install' or update your CocoaPods installation.\" >&2\n    exit 1\nfi\n# This output is used by Xcode 'outputs' to avoid re-running this script phase.\necho \"SUCCESS\" > \"${SCRIPT_OUTPUT_FILE_0}\"\n";
			showEnvVarsInLog = 0;
		};
/* End PBXShellScriptBuildPhase section */

/* Begin PBXSourcesBuildPhase section */
		6A58999A2B9F23A90004E3E9 /* Sources */ = {
			isa = PBXSourcesBuildPhase;
			buildActionMask = 2147483647;
			files = (
				6A6EE4BF2B9F2BD500D38EB7 /* SearchViewController.swift in Sources */,
				6A0352C42BA857280046E9B7 /* PlaylistDetailsResponse.swift in Sources */,
				6A6EE4DA2B9F2CD800D38EB7 /* Playlist.swift in Sources */,
				6A6EE4D42B9F2CA900D38EB7 /* AuthManager.swift in Sources */,
				6A0352C22BA853220046E9B7 /* AlbumDetailResponse.swift in Sources */,
				6AA333562BA2F6C50033E6E8 /* NewReleasesCellViewModel.swift in Sources */,
				6AFF38BA2BA444DF0044654B /* RecommendedTrackCellViewModels.swift in Sources */,
				6A28671D2BA9B64F00D265A7 /* TitleHeaderCollectionReusableView.swift in Sources */,
				6A6EE4D22B9F2C8800D38EB7 /* SearchResultsViewController.swift in Sources */,
				6A28671B2BA9A42800D265A7 /* PlaylistHeaderViewViewModel.swift in Sources */,
				6A0352C02BA84A980046E9B7 /* AlbumViewController.swift in Sources */,
				6AFF38B82BA444970044654B /* FeaturedPlaylistCellViewModel.swift in Sources */,
				6A6EE4C82B9F2C4000D38EB7 /* WelcomeViewController.swift in Sources */,
				6A6EE4CC2B9F2C5D00D38EB7 /* ProfileViewController.swift in Sources */,
				6AB7C6F62BA1A1920009BFB9 /* RecommendedGenresResponse.swift in Sources */,
				6A6EE4BD2B9F2BA600D38EB7 /* TabBarViewController.swift in Sources */,
				6AA333542BA2EF3F0033E6E8 /* RecommendedTrackCollectionViewCell.swift in Sources */,
				6A6EE4D82B9F2CC300D38EB7 /* HapticsManager.swift in Sources */,
				6A6EE4E42B9F4FEF00D38EB7 /* AuthResponse.swift in Sources */,
				6A0352C62BA863130046E9B7 /* PlaylistHeaderCollectionReusableView.swift in Sources */,
				6AB7C6EE2BA196730009BFB9 /* NewReleasesResponse.swift in Sources */,
				6AB7C6F02BA197430009BFB9 /* APIImage.swift in Sources */,
				6A6EE4DC2B9F2CE100D38EB7 /* AudioTrack.swift in Sources */,
				6A5899A62B9F23A90004E3E9 /* HomeViewController.swift in Sources */,
				6AA333502BA2EEE30033E6E8 /* NewReleaseCollectionViewCell.swift in Sources */,
				6A6EE4C62B9F2C3600D38EB7 /* AuthViewController.swift in Sources */,
				6A28671F2BA9D85200D265A7 /* AlbumCollectionViewCellViewModel.swift in Sources */,
				6AA333522BA2EF1B0033E6E8 /* FeaturedPlaylistCollectionViewCell.swift in Sources */,
				6A5899A22B9F23A90004E3E9 /* AppDelegate.swift in Sources */,
				6A6EE4E02B9F2CFB00D38EB7 /* UserProfile.swift in Sources */,
				6A6EE4E22B9F38B100D38EB7 /* Extensions.swift in Sources */,
				6AB7C6F42BA1A16F0009BFB9 /* RecommendationsResponse.swift in Sources */,
				6A6EE4C12B9F2BEB00D38EB7 /* LibraryViewController.swift in Sources */,
				6A6EE4DE2B9F2CEA00D38EB7 /* Artist.swift in Sources */,
				6A2867232BA9DB7D00D265A7 /* AlbumTrackCollectionViewCell.swift in Sources */,
				6A36A9C72BA0516F00D8838F /* SettingsModels.swift in Sources */,
				6A6EE4D02B9F2C7600D38EB7 /* PlaylistViewController.swift in Sources */,
				6A5899A42B9F23A90004E3E9 /* SceneDelegate.swift in Sources */,
				6A6EE4CE2B9F2C6600D38EB7 /* PlayerViewController.swift in Sources */,
				6A6EE4D62B9F2CB700D38EB7 /* APICaller.swift in Sources */,
				6AB7C6F22BA19AB80009BFB9 /* FeaturedPlaylistsResponse.swift in Sources */,
				6A6EE4CA2B9F2C5100D38EB7 /* SettingsViewController.swift in Sources */,
			);
			runOnlyForDeploymentPostprocessing = 0;
		};
		6A5899B02B9F23AA0004E3E9 /* Sources */ = {
			isa = PBXSourcesBuildPhase;
			buildActionMask = 2147483647;
			files = (
				6A5899B92B9F23AA0004E3E9 /* SpotifyTests.swift in Sources */,
			);
			runOnlyForDeploymentPostprocessing = 0;
		};
		6A5899BA2B9F23AA0004E3E9 /* Sources */ = {
			isa = PBXSourcesBuildPhase;
			buildActionMask = 2147483647;
			files = (
				6A5899C32B9F23AA0004E3E9 /* SpotifyUITests.swift in Sources */,
				6A5899C52B9F23AA0004E3E9 /* SpotifyUITestsLaunchTests.swift in Sources */,
			);
			runOnlyForDeploymentPostprocessing = 0;
		};
/* End PBXSourcesBuildPhase section */

/* Begin PBXTargetDependency section */
		6A5899B62B9F23AA0004E3E9 /* PBXTargetDependency */ = {
			isa = PBXTargetDependency;
			target = 6A58999D2B9F23A90004E3E9 /* Spotify */;
			targetProxy = 6A5899B52B9F23AA0004E3E9 /* PBXContainerItemProxy */;
		};
		6A5899C02B9F23AA0004E3E9 /* PBXTargetDependency */ = {
			isa = PBXTargetDependency;
			target = 6A58999D2B9F23A90004E3E9 /* Spotify */;
			targetProxy = 6A5899BF2B9F23AA0004E3E9 /* PBXContainerItemProxy */;
		};
/* End PBXTargetDependency section */

/* Begin PBXVariantGroup section */
		6A5899AC2B9F23AA0004E3E9 /* LaunchScreen.storyboard */ = {
			isa = PBXVariantGroup;
			children = (
				6A5899AD2B9F23AA0004E3E9 /* Base */,
			);
			name = LaunchScreen.storyboard;
			sourceTree = "<group>";
		};
/* End PBXVariantGroup section */

/* Begin XCBuildConfiguration section */
		6A5899C62B9F23AA0004E3E9 /* Debug */ = {
			isa = XCBuildConfiguration;
			buildSettings = {
				ALWAYS_EMBED_SWIFT_STANDARD_LIBRARIES = NO;
				ALWAYS_SEARCH_USER_PATHS = NO;
				ASSETCATALOG_COMPILER_GENERATE_SWIFT_ASSET_SYMBOL_EXTENSIONS = YES;
				CLANG_ANALYZER_NONNULL = YES;
				CLANG_ANALYZER_NUMBER_OBJECT_CONVERSION = YES_AGGRESSIVE;
				CLANG_CXX_LANGUAGE_STANDARD = "gnu++20";
				CLANG_ENABLE_MODULES = YES;
				CLANG_ENABLE_OBJC_ARC = YES;
				CLANG_ENABLE_OBJC_WEAK = YES;
				CLANG_WARN_BLOCK_CAPTURE_AUTORELEASING = YES;
				CLANG_WARN_BOOL_CONVERSION = YES;
				CLANG_WARN_COMMA = YES;
				CLANG_WARN_CONSTANT_CONVERSION = YES;
				CLANG_WARN_DEPRECATED_OBJC_IMPLEMENTATIONS = YES;
				CLANG_WARN_DIRECT_OBJC_ISA_USAGE = YES_ERROR;
				CLANG_WARN_DOCUMENTATION_COMMENTS = YES;
				CLANG_WARN_EMPTY_BODY = YES;
				CLANG_WARN_ENUM_CONVERSION = YES;
				CLANG_WARN_INFINITE_RECURSION = YES;
				CLANG_WARN_INT_CONVERSION = YES;
				CLANG_WARN_NON_LITERAL_NULL_CONVERSION = YES;
				CLANG_WARN_OBJC_IMPLICIT_RETAIN_SELF = YES;
				CLANG_WARN_OBJC_LITERAL_CONVERSION = YES;
				CLANG_WARN_OBJC_ROOT_CLASS = YES_ERROR;
				CLANG_WARN_QUOTED_INCLUDE_IN_FRAMEWORK_HEADER = YES;
				CLANG_WARN_RANGE_LOOP_ANALYSIS = YES;
				CLANG_WARN_STRICT_PROTOTYPES = YES;
				CLANG_WARN_SUSPICIOUS_MOVE = YES;
				CLANG_WARN_UNGUARDED_AVAILABILITY = YES_AGGRESSIVE;
				CLANG_WARN_UNREACHABLE_CODE = YES;
				CLANG_WARN__DUPLICATE_METHOD_MATCH = YES;
				COPY_PHASE_STRIP = NO;
				DEBUG_INFORMATION_FORMAT = dwarf;
				ENABLE_STRICT_OBJC_MSGSEND = YES;
				ENABLE_TESTABILITY = YES;
				ENABLE_USER_SCRIPT_SANDBOXING = NO;
				GCC_C_LANGUAGE_STANDARD = gnu17;
				GCC_DYNAMIC_NO_PIC = NO;
				GCC_NO_COMMON_BLOCKS = YES;
				GCC_OPTIMIZATION_LEVEL = 0;
				GCC_PREPROCESSOR_DEFINITIONS = (
					"DEBUG=1",
					"$(inherited)",
				);
				GCC_WARN_64_TO_32_BIT_CONVERSION = YES;
				GCC_WARN_ABOUT_RETURN_TYPE = YES_ERROR;
				GCC_WARN_UNDECLARED_SELECTOR = YES;
				GCC_WARN_UNINITIALIZED_AUTOS = YES_AGGRESSIVE;
				GCC_WARN_UNUSED_FUNCTION = YES;
				GCC_WARN_UNUSED_VARIABLE = YES;
				IPHONEOS_DEPLOYMENT_TARGET = 17.4;
				LOCALIZATION_PREFERS_STRING_CATALOGS = YES;
				MTL_ENABLE_DEBUG_INFO = INCLUDE_SOURCE;
				MTL_FAST_MATH = YES;
				ONLY_ACTIVE_ARCH = YES;
				SDKROOT = iphoneos;
				SWIFT_ACTIVE_COMPILATION_CONDITIONS = "DEBUG $(inherited)";
				SWIFT_OPTIMIZATION_LEVEL = "-Onone";
			};
			name = Debug;
		};
		6A5899C72B9F23AA0004E3E9 /* Release */ = {
			isa = XCBuildConfiguration;
			buildSettings = {
				ALWAYS_EMBED_SWIFT_STANDARD_LIBRARIES = NO;
				ALWAYS_SEARCH_USER_PATHS = NO;
				ASSETCATALOG_COMPILER_GENERATE_SWIFT_ASSET_SYMBOL_EXTENSIONS = YES;
				CLANG_ANALYZER_NONNULL = YES;
				CLANG_ANALYZER_NUMBER_OBJECT_CONVERSION = YES_AGGRESSIVE;
				CLANG_CXX_LANGUAGE_STANDARD = "gnu++20";
				CLANG_ENABLE_MODULES = YES;
				CLANG_ENABLE_OBJC_ARC = YES;
				CLANG_ENABLE_OBJC_WEAK = YES;
				CLANG_WARN_BLOCK_CAPTURE_AUTORELEASING = YES;
				CLANG_WARN_BOOL_CONVERSION = YES;
				CLANG_WARN_COMMA = YES;
				CLANG_WARN_CONSTANT_CONVERSION = YES;
				CLANG_WARN_DEPRECATED_OBJC_IMPLEMENTATIONS = YES;
				CLANG_WARN_DIRECT_OBJC_ISA_USAGE = YES_ERROR;
				CLANG_WARN_DOCUMENTATION_COMMENTS = YES;
				CLANG_WARN_EMPTY_BODY = YES;
				CLANG_WARN_ENUM_CONVERSION = YES;
				CLANG_WARN_INFINITE_RECURSION = YES;
				CLANG_WARN_INT_CONVERSION = YES;
				CLANG_WARN_NON_LITERAL_NULL_CONVERSION = YES;
				CLANG_WARN_OBJC_IMPLICIT_RETAIN_SELF = YES;
				CLANG_WARN_OBJC_LITERAL_CONVERSION = YES;
				CLANG_WARN_OBJC_ROOT_CLASS = YES_ERROR;
				CLANG_WARN_QUOTED_INCLUDE_IN_FRAMEWORK_HEADER = YES;
				CLANG_WARN_RANGE_LOOP_ANALYSIS = YES;
				CLANG_WARN_STRICT_PROTOTYPES = YES;
				CLANG_WARN_SUSPICIOUS_MOVE = YES;
				CLANG_WARN_UNGUARDED_AVAILABILITY = YES_AGGRESSIVE;
				CLANG_WARN_UNREACHABLE_CODE = YES;
				CLANG_WARN__DUPLICATE_METHOD_MATCH = YES;
				COPY_PHASE_STRIP = NO;
				DEBUG_INFORMATION_FORMAT = "dwarf-with-dsym";
				ENABLE_NS_ASSERTIONS = NO;
				ENABLE_STRICT_OBJC_MSGSEND = YES;
				ENABLE_USER_SCRIPT_SANDBOXING = NO;
				GCC_C_LANGUAGE_STANDARD = gnu17;
				GCC_NO_COMMON_BLOCKS = YES;
				GCC_WARN_64_TO_32_BIT_CONVERSION = YES;
				GCC_WARN_ABOUT_RETURN_TYPE = YES_ERROR;
				GCC_WARN_UNDECLARED_SELECTOR = YES;
				GCC_WARN_UNINITIALIZED_AUTOS = YES_AGGRESSIVE;
				GCC_WARN_UNUSED_FUNCTION = YES;
				GCC_WARN_UNUSED_VARIABLE = YES;
				IPHONEOS_DEPLOYMENT_TARGET = 17.4;
				LOCALIZATION_PREFERS_STRING_CATALOGS = YES;
				MTL_ENABLE_DEBUG_INFO = NO;
				MTL_FAST_MATH = YES;
				SDKROOT = iphoneos;
				SWIFT_COMPILATION_MODE = wholemodule;
				VALIDATE_PRODUCT = YES;
			};
			name = Release;
		};
		6A5899C92B9F23AA0004E3E9 /* Debug */ = {
			isa = XCBuildConfiguration;
			baseConfigurationReference = C44CE11AAC52DF56F3BD9DBE /* Pods-Spotify.debug.xcconfig */;
			buildSettings = {
				ASSETCATALOG_COMPILER_APPICON_NAME = AppIcon;
				ASSETCATALOG_COMPILER_GLOBAL_ACCENT_COLOR_NAME = AccentColor;
				CODE_SIGN_STYLE = Automatic;
				CURRENT_PROJECT_VERSION = 1;
				DEVELOPMENT_TEAM = 244RFX44WS;
				GENERATE_INFOPLIST_FILE = YES;
				INFOPLIST_FILE = Spotify/Info.plist;
				INFOPLIST_KEY_UIApplicationSupportsIndirectInputEvents = YES;
				INFOPLIST_KEY_UILaunchStoryboardName = LaunchScreen;
				INFOPLIST_KEY_UISupportedInterfaceOrientations_iPad = "UIInterfaceOrientationPortrait UIInterfaceOrientationPortraitUpsideDown UIInterfaceOrientationLandscapeLeft UIInterfaceOrientationLandscapeRight";
				INFOPLIST_KEY_UISupportedInterfaceOrientations_iPhone = "UIInterfaceOrientationPortrait UIInterfaceOrientationLandscapeLeft UIInterfaceOrientationLandscapeRight";
				LD_RUNPATH_SEARCH_PATHS = (
					"$(inherited)",
					"@executable_path/Frameworks",
				);
				MARKETING_VERSION = 1.0;
				PRODUCT_BUNDLE_IDENTIFIER = Saadet.Spotify;
				PRODUCT_NAME = "$(TARGET_NAME)";
				SWIFT_EMIT_LOC_STRINGS = YES;
				SWIFT_VERSION = 5.0;
				TARGETED_DEVICE_FAMILY = "1,2";
			};
			name = Debug;
		};
		6A5899CA2B9F23AA0004E3E9 /* Release */ = {
			isa = XCBuildConfiguration;
			baseConfigurationReference = 9FFA49CB59EDE02D16C616B5 /* Pods-Spotify.release.xcconfig */;
			buildSettings = {
				ASSETCATALOG_COMPILER_APPICON_NAME = AppIcon;
				ASSETCATALOG_COMPILER_GLOBAL_ACCENT_COLOR_NAME = AccentColor;
				CODE_SIGN_STYLE = Automatic;
				CURRENT_PROJECT_VERSION = 1;
				DEVELOPMENT_TEAM = 244RFX44WS;
				GENERATE_INFOPLIST_FILE = YES;
				INFOPLIST_FILE = Spotify/Info.plist;
				INFOPLIST_KEY_UIApplicationSupportsIndirectInputEvents = YES;
				INFOPLIST_KEY_UILaunchStoryboardName = LaunchScreen;
				INFOPLIST_KEY_UISupportedInterfaceOrientations_iPad = "UIInterfaceOrientationPortrait UIInterfaceOrientationPortraitUpsideDown UIInterfaceOrientationLandscapeLeft UIInterfaceOrientationLandscapeRight";
				INFOPLIST_KEY_UISupportedInterfaceOrientations_iPhone = "UIInterfaceOrientationPortrait UIInterfaceOrientationLandscapeLeft UIInterfaceOrientationLandscapeRight";
				LD_RUNPATH_SEARCH_PATHS = (
					"$(inherited)",
					"@executable_path/Frameworks",
				);
				MARKETING_VERSION = 1.0;
				PRODUCT_BUNDLE_IDENTIFIER = Saadet.Spotify;
				PRODUCT_NAME = "$(TARGET_NAME)";
				SWIFT_EMIT_LOC_STRINGS = YES;
				SWIFT_VERSION = 5.0;
				TARGETED_DEVICE_FAMILY = "1,2";
			};
			name = Release;
		};
		6A5899CC2B9F23AA0004E3E9 /* Debug */ = {
			isa = XCBuildConfiguration;
			baseConfigurationReference = E85C273BB506D1667339F099 /* Pods-SpotifyTests.debug.xcconfig */;
			buildSettings = {
				ALWAYS_EMBED_SWIFT_STANDARD_LIBRARIES = YES;
				BUNDLE_LOADER = "$(TEST_HOST)";
				CODE_SIGN_STYLE = Automatic;
				CURRENT_PROJECT_VERSION = 1;
				DEVELOPMENT_TEAM = 244RFX44WS;
				GENERATE_INFOPLIST_FILE = YES;
				IPHONEOS_DEPLOYMENT_TARGET = 17.4;
				MARKETING_VERSION = 1.0;
				PRODUCT_BUNDLE_IDENTIFIER = Saadet.SpotifyTests;
				PRODUCT_NAME = "$(TARGET_NAME)";
				SWIFT_EMIT_LOC_STRINGS = NO;
				SWIFT_VERSION = 5.0;
				TARGETED_DEVICE_FAMILY = "1,2";
				TEST_HOST = "$(BUILT_PRODUCTS_DIR)/Spotify.app/$(BUNDLE_EXECUTABLE_FOLDER_PATH)/Spotify";
			};
			name = Debug;
		};
		6A5899CD2B9F23AA0004E3E9 /* Release */ = {
			isa = XCBuildConfiguration;
			baseConfigurationReference = 542FBA9C8391F1875CEDFD52 /* Pods-SpotifyTests.release.xcconfig */;
			buildSettings = {
				ALWAYS_EMBED_SWIFT_STANDARD_LIBRARIES = YES;
				BUNDLE_LOADER = "$(TEST_HOST)";
				CODE_SIGN_STYLE = Automatic;
				CURRENT_PROJECT_VERSION = 1;
				DEVELOPMENT_TEAM = 244RFX44WS;
				GENERATE_INFOPLIST_FILE = YES;
				IPHONEOS_DEPLOYMENT_TARGET = 17.4;
				MARKETING_VERSION = 1.0;
				PRODUCT_BUNDLE_IDENTIFIER = Saadet.SpotifyTests;
				PRODUCT_NAME = "$(TARGET_NAME)";
				SWIFT_EMIT_LOC_STRINGS = NO;
				SWIFT_VERSION = 5.0;
				TARGETED_DEVICE_FAMILY = "1,2";
				TEST_HOST = "$(BUILT_PRODUCTS_DIR)/Spotify.app/$(BUNDLE_EXECUTABLE_FOLDER_PATH)/Spotify";
			};
			name = Release;
		};
		6A5899CF2B9F23AA0004E3E9 /* Debug */ = {
			isa = XCBuildConfiguration;
			baseConfigurationReference = 763C152F74DD2F25A957476C /* Pods-Spotify-SpotifyUITests.debug.xcconfig */;
			buildSettings = {
				ALWAYS_EMBED_SWIFT_STANDARD_LIBRARIES = YES;
				CODE_SIGN_STYLE = Automatic;
				CURRENT_PROJECT_VERSION = 1;
				DEVELOPMENT_TEAM = 244RFX44WS;
				GENERATE_INFOPLIST_FILE = YES;
				MARKETING_VERSION = 1.0;
				PRODUCT_BUNDLE_IDENTIFIER = Saadet.SpotifyUITests;
				PRODUCT_NAME = "$(TARGET_NAME)";
				SWIFT_EMIT_LOC_STRINGS = NO;
				SWIFT_VERSION = 5.0;
				TARGETED_DEVICE_FAMILY = "1,2";
				TEST_TARGET_NAME = Spotify;
			};
			name = Debug;
		};
		6A5899D02B9F23AA0004E3E9 /* Release */ = {
			isa = XCBuildConfiguration;
			baseConfigurationReference = F9D6EEF19EF9F8807AB6E174 /* Pods-Spotify-SpotifyUITests.release.xcconfig */;
			buildSettings = {
				ALWAYS_EMBED_SWIFT_STANDARD_LIBRARIES = YES;
				CODE_SIGN_STYLE = Automatic;
				CURRENT_PROJECT_VERSION = 1;
				DEVELOPMENT_TEAM = 244RFX44WS;
				GENERATE_INFOPLIST_FILE = YES;
				MARKETING_VERSION = 1.0;
				PRODUCT_BUNDLE_IDENTIFIER = Saadet.SpotifyUITests;
				PRODUCT_NAME = "$(TARGET_NAME)";
				SWIFT_EMIT_LOC_STRINGS = NO;
				SWIFT_VERSION = 5.0;
				TARGETED_DEVICE_FAMILY = "1,2";
				TEST_TARGET_NAME = Spotify;
			};
			name = Release;
		};
/* End XCBuildConfiguration section */

/* Begin XCConfigurationList section */
		6A5899992B9F23A90004E3E9 /* Build configuration list for PBXProject "Spotify" */ = {
			isa = XCConfigurationList;
			buildConfigurations = (
				6A5899C62B9F23AA0004E3E9 /* Debug */,
				6A5899C72B9F23AA0004E3E9 /* Release */,
			);
			defaultConfigurationIsVisible = 0;
			defaultConfigurationName = Release;
		};
		6A5899C82B9F23AA0004E3E9 /* Build configuration list for PBXNativeTarget "Spotify" */ = {
			isa = XCConfigurationList;
			buildConfigurations = (
				6A5899C92B9F23AA0004E3E9 /* Debug */,
				6A5899CA2B9F23AA0004E3E9 /* Release */,
			);
			defaultConfigurationIsVisible = 0;
			defaultConfigurationName = Release;
		};
		6A5899CB2B9F23AA0004E3E9 /* Build configuration list for PBXNativeTarget "SpotifyTests" */ = {
			isa = XCConfigurationList;
			buildConfigurations = (
				6A5899CC2B9F23AA0004E3E9 /* Debug */,
				6A5899CD2B9F23AA0004E3E9 /* Release */,
			);
			defaultConfigurationIsVisible = 0;
			defaultConfigurationName = Release;
		};
		6A5899CE2B9F23AA0004E3E9 /* Build configuration list for PBXNativeTarget "SpotifyUITests" */ = {
			isa = XCConfigurationList;
			buildConfigurations = (
				6A5899CF2B9F23AA0004E3E9 /* Debug */,
				6A5899D02B9F23AA0004E3E9 /* Release */,
			);
			defaultConfigurationIsVisible = 0;
			defaultConfigurationName = Release;
		};
/* End XCConfigurationList section */
	};
	rootObject = 6A5899962B9F23A90004E3E9 /* Project object */;
}
